// !$*UTF8*$!
{
	archiveVersion = 1;
	classes = {
	};
	objectVersion = 55;
	objects = {

/* Begin PBXBuildFile section */
		6C77A99627C31E1800098A16 /* AppDelegate.swift in Sources */ = {isa = PBXBuildFile; fileRef = 6C77A99527C31E1800098A16 /* AppDelegate.swift */; };
		6C77A99827C31E1800098A16 /* SceneDelegate.swift in Sources */ = {isa = PBXBuildFile; fileRef = 6C77A99727C31E1800098A16 /* SceneDelegate.swift */; };
		6C77A99A27C31E1800098A16 /* ViewController.swift in Sources */ = {isa = PBXBuildFile; fileRef = 6C77A99927C31E1800098A16 /* ViewController.swift */; };
		6C77A99D27C31E1800098A16 /* Main.storyboard in Resources */ = {isa = PBXBuildFile; fileRef = 6C77A99B27C31E1800098A16 /* Main.storyboard */; };
		6C77A99F27C31E1A00098A16 /* Assets.xcassets in Resources */ = {isa = PBXBuildFile; fileRef = 6C77A99E27C31E1A00098A16 /* Assets.xcassets */; };
		6C77A9A227C31E1A00098A16 /* LaunchScreen.storyboard in Resources */ = {isa = PBXBuildFile; fileRef = 6C77A9A027C31E1A00098A16 /* LaunchScreen.storyboard */; };
		6C77A9AD27C31E1A00098A16 /* BBVKTests.swift in Sources */ = {isa = PBXBuildFile; fileRef = 6C77A9AC27C31E1A00098A16 /* BBVKTests.swift */; };
		6C77A9B727C31E1A00098A16 /* BBVKUITests.swift in Sources */ = {isa = PBXBuildFile; fileRef = 6C77A9B627C31E1A00098A16 /* BBVKUITests.swift */; };
		6C77A9B927C31E1A00098A16 /* BBVKUITestsLaunchTests.swift in Sources */ = {isa = PBXBuildFile; fileRef = 6C77A9B827C31E1A00098A16 /* BBVKUITestsLaunchTests.swift */; };
		ACAE6BCB27CA876D003C2B48 /* VerificacionIdentidadWelcome.swift in Sources */ = {isa = PBXBuildFile; fileRef = ACAE6BCA27CA876D003C2B48 /* VerificacionIdentidadWelcome.swift */; };
		ACAE6BCD27CA8ABD003C2B48 /* Utils.swift in Sources */ = {isa = PBXBuildFile; fileRef = ACAE6BCC27CA8ABD003C2B48 /* Utils.swift */; };
		ACE69C9627C5B67F0083E559 /* BBVKUtilities.swift in Sources */ = {isa = PBXBuildFile; fileRef = ACE69C9527C5B67F0083E559 /* BBVKUtilities.swift */; };
		ACE69CB927C5C3AD0083E559 /* constants.swift in Sources */ = {isa = PBXBuildFile; fileRef = ACE69CB827C5C3AD0083E559 /* constants.swift */; };
		F622F94827D1AD2A0020DB48 /* uploaddocument sunview.swift in Sources */ = {isa = PBXBuildFile; fileRef = F622F94727D1AD2A0020DB48 /* uploaddocument sunview.swift */; };
/* End PBXBuildFile section */

/* Begin PBXContainerItemProxy section */
		6C77A9A927C31E1A00098A16 /* PBXContainerItemProxy */ = {
			isa = PBXContainerItemProxy;
			containerPortal = 6C77A98A27C31E1800098A16 /* Project object */;
			proxyType = 1;
			remoteGlobalIDString = 6C77A99127C31E1800098A16;
			remoteInfo = BBVK;
		};
		6C77A9B327C31E1A00098A16 /* PBXContainerItemProxy */ = {
			isa = PBXContainerItemProxy;
			containerPortal = 6C77A98A27C31E1800098A16 /* Project object */;
			proxyType = 1;
			remoteGlobalIDString = 6C77A99127C31E1800098A16;
			remoteInfo = BBVK;
		};
/* End PBXContainerItemProxy section */

/* Begin PBXFileReference section */
		6C77A99227C31E1800098A16 /* BBVK.app */ = {isa = PBXFileReference; explicitFileType = wrapper.application; includeInIndex = 0; path = BBVK.app; sourceTree = BUILT_PRODUCTS_DIR; };
		6C77A99527C31E1800098A16 /* AppDelegate.swift */ = {isa = PBXFileReference; lastKnownFileType = sourcecode.swift; path = AppDelegate.swift; sourceTree = "<group>"; };
		6C77A99727C31E1800098A16 /* SceneDelegate.swift */ = {isa = PBXFileReference; lastKnownFileType = sourcecode.swift; path = SceneDelegate.swift; sourceTree = "<group>"; };
		6C77A99927C31E1800098A16 /* ViewController.swift */ = {isa = PBXFileReference; lastKnownFileType = sourcecode.swift; path = ViewController.swift; sourceTree = "<group>"; };
		6C77A99C27C31E1800098A16 /* Base */ = {isa = PBXFileReference; lastKnownFileType = file.storyboard; name = Base; path = Base.lproj/Main.storyboard; sourceTree = "<group>"; };
		6C77A99E27C31E1A00098A16 /* Assets.xcassets */ = {isa = PBXFileReference; lastKnownFileType = folder.assetcatalog; path = Assets.xcassets; sourceTree = "<group>"; };
		6C77A9A127C31E1A00098A16 /* Base */ = {isa = PBXFileReference; lastKnownFileType = file.storyboard; name = Base; path = Base.lproj/LaunchScreen.storyboard; sourceTree = "<group>"; };
		6C77A9A327C31E1A00098A16 /* Info.plist */ = {isa = PBXFileReference; lastKnownFileType = text.plist.xml; path = Info.plist; sourceTree = "<group>"; };
		6C77A9A827C31E1A00098A16 /* BBVKTests.xctest */ = {isa = PBXFileReference; explicitFileType = wrapper.cfbundle; includeInIndex = 0; path = BBVKTests.xctest; sourceTree = BUILT_PRODUCTS_DIR; };
		6C77A9AC27C31E1A00098A16 /* BBVKTests.swift */ = {isa = PBXFileReference; lastKnownFileType = sourcecode.swift; path = BBVKTests.swift; sourceTree = "<group>"; };
		6C77A9B227C31E1A00098A16 /* BBVKUITests.xctest */ = {isa = PBXFileReference; explicitFileType = wrapper.cfbundle; includeInIndex = 0; path = BBVKUITests.xctest; sourceTree = BUILT_PRODUCTS_DIR; };
		6C77A9B627C31E1A00098A16 /* BBVKUITests.swift */ = {isa = PBXFileReference; lastKnownFileType = sourcecode.swift; path = BBVKUITests.swift; sourceTree = "<group>"; };
		6C77A9B827C31E1A00098A16 /* BBVKUITestsLaunchTests.swift */ = {isa = PBXFileReference; lastKnownFileType = sourcecode.swift; path = BBVKUITestsLaunchTests.swift; sourceTree = "<group>"; };
		ACAE6BCA27CA876D003C2B48 /* VerificacionIdentidadWelcome.swift */ = {isa = PBXFileReference; lastKnownFileType = sourcecode.swift; path = VerificacionIdentidadWelcome.swift; sourceTree = "<group>"; };
		ACAE6BCC27CA8ABD003C2B48 /* Utils.swift */ = {isa = PBXFileReference; lastKnownFileType = sourcecode.swift; path = Utils.swift; sourceTree = "<group>"; };
		ACE69C9527C5B67F0083E559 /* BBVKUtilities.swift */ = {isa = PBXFileReference; lastKnownFileType = sourcecode.swift; path = BBVKUtilities.swift; sourceTree = "<group>"; };
		ACE69CB827C5C3AD0083E559 /* constants.swift */ = {isa = PBXFileReference; lastKnownFileType = sourcecode.swift; path = constants.swift; sourceTree = "<group>"; };
		F622F94727D1AD2A0020DB48 /* uploaddocument sunview.swift */ = {isa = PBXFileReference; lastKnownFileType = sourcecode.swift; path = "uploaddocument sunview.swift"; sourceTree = "<group>"; };
/* End PBXFileReference section */

/* Begin PBXFrameworksBuildPhase section */
		6C77A98F27C31E1800098A16 /* Frameworks */ = {
			isa = PBXFrameworksBuildPhase;
			buildActionMask = 2147483647;
			files = (
			);
			runOnlyForDeploymentPostprocessing = 0;
		};
		6C77A9A527C31E1A00098A16 /* Frameworks */ = {
			isa = PBXFrameworksBuildPhase;
			buildActionMask = 2147483647;
			files = (
			);
			runOnlyForDeploymentPostprocessing = 0;
		};
		6C77A9AF27C31E1A00098A16 /* Frameworks */ = {
			isa = PBXFrameworksBuildPhase;
			buildActionMask = 2147483647;
			files = (
			);
			runOnlyForDeploymentPostprocessing = 0;
		};
/* End PBXFrameworksBuildPhase section */

/* Begin PBXGroup section */
		6C77A98927C31E1800098A16 = {
			isa = PBXGroup;
			children = (
				ACAE6BC927CA8712003C2B48 /* Views */,
				ACE69C9727C5B6880083E559 /* Utilities */,
				6C77A99427C31E1800098A16 /* BBVK */,
				6C77A9AB27C31E1A00098A16 /* BBVKTests */,
				6C77A9B527C31E1A00098A16 /* BBVKUITests */,
				6C77A99327C31E1800098A16 /* Products */,
			);
			sourceTree = "<group>";
		};
		6C77A99327C31E1800098A16 /* Products */ = {
			isa = PBXGroup;
			children = (
				6C77A99227C31E1800098A16 /* BBVK.app */,
				6C77A9A827C31E1A00098A16 /* BBVKTests.xctest */,
				6C77A9B227C31E1A00098A16 /* BBVKUITests.xctest */,
			);
			name = Products;
			sourceTree = "<group>";
		};
		6C77A99427C31E1800098A16 /* BBVK */ = {
			isa = PBXGroup;
			children = (
				6C77A99527C31E1800098A16 /* AppDelegate.swift */,
				6C77A99727C31E1800098A16 /* SceneDelegate.swift */,
				6C77A99B27C31E1800098A16 /* Main.storyboard */,
				6C77A99E27C31E1A00098A16 /* Assets.xcassets */,
				6C77A9A027C31E1A00098A16 /* LaunchScreen.storyboard */,
				6C77A9A327C31E1A00098A16 /* Info.plist */,
			);
			path = BBVK;
			sourceTree = "<group>";
		};
		6C77A9AB27C31E1A00098A16 /* BBVKTests */ = {
			isa = PBXGroup;
			children = (
				6C77A9AC27C31E1A00098A16 /* BBVKTests.swift */,
			);
			path = BBVKTests;
			sourceTree = "<group>";
		};
		6C77A9B527C31E1A00098A16 /* BBVKUITests */ = {
			isa = PBXGroup;
			children = (
				6C77A9B627C31E1A00098A16 /* BBVKUITests.swift */,
				6C77A9B827C31E1A00098A16 /* BBVKUITestsLaunchTests.swift */,
			);
			path = BBVKUITests;
			sourceTree = "<group>";
		};
		ACAE6BC927CA8712003C2B48 /* Views */ = {
			isa = PBXGroup;
			children = (
				F622F94627D1AB6A0020DB48 /* uploadDocumentsSubviews */,
				ACAE6BCA27CA876D003C2B48 /* VerificacionIdentidadWelcome.swift */,
				6C77A99927C31E1800098A16 /* ViewController.swift */,
			);
			path = Views;
			sourceTree = "<group>";
		};
		ACE69C9727C5B6880083E559 /* Utilities */ = {
			isa = PBXGroup;
			children = (
				ACE69C9527C5B67F0083E559 /* BBVKUtilities.swift */,
				ACE69CB827C5C3AD0083E559 /* constants.swift */,
				ACAE6BCC27CA8ABD003C2B48 /* Utils.swift */,
			);
			path = Utilities;
			sourceTree = "<group>";
		};
		F622F94627D1AB6A0020DB48 /* uploadDocumentsSubviews */ = {
			isa = PBXGroup;
			children = (
				F622F94727D1AD2A0020DB48 /* uploaddocument sunview.swift */,
			);
			path = uploadDocumentsSubviews;
			sourceTree = "<group>";
		};
/* End PBXGroup section */

/* Begin PBXNativeTarget section */
		6C77A99127C31E1800098A16 /* BBVK */ = {
			isa = PBXNativeTarget;
			buildConfigurationList = 6C77A9BC27C31E1A00098A16 /* Build configuration list for PBXNativeTarget "BBVK" */;
			buildPhases = (
				6C77A98E27C31E1800098A16 /* Sources */,
				6C77A98F27C31E1800098A16 /* Frameworks */,
				6C77A99027C31E1800098A16 /* Resources */,
			);
			buildRules = (
			);
			dependencies = (
			);
			name = BBVK;
			productName = BBVK;
			productReference = 6C77A99227C31E1800098A16 /* BBVK.app */;
			productType = "com.apple.product-type.application";
		};
		6C77A9A727C31E1A00098A16 /* BBVKTests */ = {
			isa = PBXNativeTarget;
			buildConfigurationList = 6C77A9BF27C31E1A00098A16 /* Build configuration list for PBXNativeTarget "BBVKTests" */;
			buildPhases = (
				6C77A9A427C31E1A00098A16 /* Sources */,
				6C77A9A527C31E1A00098A16 /* Frameworks */,
				6C77A9A627C31E1A00098A16 /* Resources */,
			);
			buildRules = (
			);
			dependencies = (
				6C77A9AA27C31E1A00098A16 /* PBXTargetDependency */,
			);
			name = BBVKTests;
			productName = BBVKTests;
			productReference = 6C77A9A827C31E1A00098A16 /* BBVKTests.xctest */;
			productType = "com.apple.product-type.bundle.unit-test";
		};
		6C77A9B127C31E1A00098A16 /* BBVKUITests */ = {
			isa = PBXNativeTarget;
			buildConfigurationList = 6C77A9C227C31E1A00098A16 /* Build configuration list for PBXNativeTarget "BBVKUITests" */;
			buildPhases = (
				6C77A9AE27C31E1A00098A16 /* Sources */,
				6C77A9AF27C31E1A00098A16 /* Frameworks */,
				6C77A9B027C31E1A00098A16 /* Resources */,
			);
			buildRules = (
			);
			dependencies = (
				6C77A9B427C31E1A00098A16 /* PBXTargetDependency */,
			);
			name = BBVKUITests;
			productName = BBVKUITests;
			productReference = 6C77A9B227C31E1A00098A16 /* BBVKUITests.xctest */;
			productType = "com.apple.product-type.bundle.ui-testing";
		};
/* End PBXNativeTarget section */

/* Begin PBXProject section */
		6C77A98A27C31E1800098A16 /* Project object */ = {
			isa = PBXProject;
			attributes = {
				BuildIndependentTargetsInParallel = 1;
				LastSwiftUpdateCheck = 1310;
				LastUpgradeCheck = 1310;
				TargetAttributes = {
					6C77A99127C31E1800098A16 = {
						CreatedOnToolsVersion = 13.1;
					};
					6C77A9A727C31E1A00098A16 = {
						CreatedOnToolsVersion = 13.1;
						TestTargetID = 6C77A99127C31E1800098A16;
					};
					6C77A9B127C31E1A00098A16 = {
						CreatedOnToolsVersion = 13.1;
						TestTargetID = 6C77A99127C31E1800098A16;
					};
				};
			};
			buildConfigurationList = 6C77A98D27C31E1800098A16 /* Build configuration list for PBXProject "BBVK" */;
			compatibilityVersion = "Xcode 13.0";
			developmentRegion = en;
			hasScannedForEncodings = 0;
			knownRegions = (
				en,
				Base,
			);
			mainGroup = 6C77A98927C31E1800098A16;
			productRefGroup = 6C77A99327C31E1800098A16 /* Products */;
			projectDirPath = "";
			projectRoot = "";
			targets = (
				6C77A99127C31E1800098A16 /* BBVK */,
				6C77A9A727C31E1A00098A16 /* BBVKTests */,
				6C77A9B127C31E1A00098A16 /* BBVKUITests */,
			);
		};
/* End PBXProject section */

/* Begin PBXResourcesBuildPhase section */
		6C77A99027C31E1800098A16 /* Resources */ = {
			isa = PBXResourcesBuildPhase;
			buildActionMask = 2147483647;
			files = (
				6C77A9A227C31E1A00098A16 /* LaunchScreen.storyboard in Resources */,
				6C77A99F27C31E1A00098A16 /* Assets.xcassets in Resources */,
				6C77A99D27C31E1800098A16 /* Main.storyboard in Resources */,
			);
			runOnlyForDeploymentPostprocessing = 0;
		};
		6C77A9A627C31E1A00098A16 /* Resources */ = {
			isa = PBXResourcesBuildPhase;
			buildActionMask = 2147483647;
			files = (
			);
			runOnlyForDeploymentPostprocessing = 0;
		};
		6C77A9B027C31E1A00098A16 /* Resources */ = {
			isa = PBXResourcesBuildPhase;
			buildActionMask = 2147483647;
			files = (
			);
			runOnlyForDeploymentPostprocessing = 0;
		};
/* End PBXResourcesBuildPhase section */

/* Begin PBXSourcesBuildPhase section */
		6C77A98E27C31E1800098A16 /* Sources */ = {
			isa = PBXSourcesBuildPhase;
			buildActionMask = 2147483647;
			files = (
				6C77A99A27C31E1800098A16 /* ViewController.swift in Sources */,
				6C77A99627C31E1800098A16 /* AppDelegate.swift in Sources */,
				6C77A99827C31E1800098A16 /* SceneDelegate.swift in Sources */,
				ACAE6BCD27CA8ABD003C2B48 /* Utils.swift in Sources */,
				F622F94827D1AD2A0020DB48 /* uploaddocument sunview.swift in Sources */,
				ACE69CB927C5C3AD0083E559 /* constants.swift in Sources */,
				ACE69C9627C5B67F0083E559 /* BBVKUtilities.swift in Sources */,
				ACAE6BCB27CA876D003C2B48 /* VerificacionIdentidadWelcome.swift in Sources */,
			);
			runOnlyForDeploymentPostprocessing = 0;
		};
		6C77A9A427C31E1A00098A16 /* Sources */ = {
			isa = PBXSourcesBuildPhase;
			buildActionMask = 2147483647;
			files = (
				6C77A9AD27C31E1A00098A16 /* BBVKTests.swift in Sources */,
			);
			runOnlyForDeploymentPostprocessing = 0;
		};
		6C77A9AE27C31E1A00098A16 /* Sources */ = {
			isa = PBXSourcesBuildPhase;
			buildActionMask = 2147483647;
			files = (
				6C77A9B727C31E1A00098A16 /* BBVKUITests.swift in Sources */,
				6C77A9B927C31E1A00098A16 /* BBVKUITestsLaunchTests.swift in Sources */,
			);
			runOnlyForDeploymentPostprocessing = 0;
		};
/* End PBXSourcesBuildPhase section */

/* Begin PBXTargetDependency section */
		6C77A9AA27C31E1A00098A16 /* PBXTargetDependency */ = {
			isa = PBXTargetDependency;
			target = 6C77A99127C31E1800098A16 /* BBVK */;
			targetProxy = 6C77A9A927C31E1A00098A16 /* PBXContainerItemProxy */;
		};
		6C77A9B427C31E1A00098A16 /* PBXTargetDependency */ = {
			isa = PBXTargetDependency;
			target = 6C77A99127C31E1800098A16 /* BBVK */;
			targetProxy = 6C77A9B327C31E1A00098A16 /* PBXContainerItemProxy */;
		};
/* End PBXTargetDependency section */

/* Begin PBXVariantGroup section */
		6C77A99B27C31E1800098A16 /* Main.storyboard */ = {
			isa = PBXVariantGroup;
			children = (
				6C77A99C27C31E1800098A16 /* Base */,
			);
			name = Main.storyboard;
			sourceTree = "<group>";
		};
		6C77A9A027C31E1A00098A16 /* LaunchScreen.storyboard */ = {
			isa = PBXVariantGroup;
			children = (
				6C77A9A127C31E1A00098A16 /* Base */,
			);
			name = LaunchScreen.storyboard;
			sourceTree = "<group>";
		};
/* End PBXVariantGroup section */

/* Begin XCBuildConfiguration section */
		6C77A9BA27C31E1A00098A16 /* Debug */ = {
			isa = XCBuildConfiguration;
			buildSettings = {
				ALWAYS_SEARCH_USER_PATHS = NO;
				CLANG_ANALYZER_NONNULL = YES;
				CLANG_ANALYZER_NUMBER_OBJECT_CONVERSION = YES_AGGRESSIVE;
				CLANG_CXX_LANGUAGE_STANDARD = "gnu++17";
				CLANG_CXX_LIBRARY = "libc++";
				CLANG_ENABLE_MODULES = YES;
				CLANG_ENABLE_OBJC_ARC = YES;
				CLANG_ENABLE_OBJC_WEAK = YES;
				CLANG_WARN_BLOCK_CAPTURE_AUTORELEASING = YES;
				CLANG_WARN_BOOL_CONVERSION = YES;
				CLANG_WARN_COMMA = YES;
				CLANG_WARN_CONSTANT_CONVERSION = YES;
				CLANG_WARN_DEPRECATED_OBJC_IMPLEMENTATIONS = YES;
				CLANG_WARN_DIRECT_OBJC_ISA_USAGE = YES_ERROR;
				CLANG_WARN_DOCUMENTATION_COMMENTS = YES;
				CLANG_WARN_EMPTY_BODY = YES;
				CLANG_WARN_ENUM_CONVERSION = YES;
				CLANG_WARN_INFINITE_RECURSION = YES;
				CLANG_WARN_INT_CONVERSION = YES;
				CLANG_WARN_NON_LITERAL_NULL_CONVERSION = YES;
				CLANG_WARN_OBJC_IMPLICIT_RETAIN_SELF = YES;
				CLANG_WARN_OBJC_LITERAL_CONVERSION = YES;
				CLANG_WARN_OBJC_ROOT_CLASS = YES_ERROR;
				CLANG_WARN_QUOTED_INCLUDE_IN_FRAMEWORK_HEADER = YES;
				CLANG_WARN_RANGE_LOOP_ANALYSIS = YES;
				CLANG_WARN_STRICT_PROTOTYPES = YES;
				CLANG_WARN_SUSPICIOUS_MOVE = YES;
				CLANG_WARN_UNGUARDED_AVAILABILITY = YES_AGGRESSIVE;
				CLANG_WARN_UNREACHABLE_CODE = YES;
				CLANG_WARN__DUPLICATE_METHOD_MATCH = YES;
				COPY_PHASE_STRIP = NO;
				DEBUG_INFORMATION_FORMAT = dwarf;
				ENABLE_STRICT_OBJC_MSGSEND = YES;
				ENABLE_TESTABILITY = YES;
				GCC_C_LANGUAGE_STANDARD = gnu11;
				GCC_DYNAMIC_NO_PIC = NO;
				GCC_NO_COMMON_BLOCKS = YES;
				GCC_OPTIMIZATION_LEVEL = 0;
				GCC_PREPROCESSOR_DEFINITIONS = (
					"DEBUG=1",
					"$(inherited)",
				);
				GCC_WARN_64_TO_32_BIT_CONVERSION = YES;
				GCC_WARN_ABOUT_RETURN_TYPE = YES_ERROR;
				GCC_WARN_UNDECLARED_SELECTOR = YES;
				GCC_WARN_UNINITIALIZED_AUTOS = YES_AGGRESSIVE;
				GCC_WARN_UNUSED_FUNCTION = YES;
				GCC_WARN_UNUSED_VARIABLE = YES;
				IPHONEOS_DEPLOYMENT_TARGET = 15.0;
				MTL_ENABLE_DEBUG_INFO = INCLUDE_SOURCE;
				MTL_FAST_MATH = YES;
				ONLY_ACTIVE_ARCH = YES;
				SDKROOT = iphoneos;
				SWIFT_ACTIVE_COMPILATION_CONDITIONS = DEBUG;
				SWIFT_OPTIMIZATION_LEVEL = "-Onone";
			};
			name = Debug;
		};
		6C77A9BB27C31E1A00098A16 /* Release */ = {
			isa = XCBuildConfiguration;
			buildSettings = {
				ALWAYS_SEARCH_USER_PATHS = NO;
				CLANG_ANALYZER_NONNULL = YES;
				CLANG_ANALYZER_NUMBER_OBJECT_CONVERSION = YES_AGGRESSIVE;
				CLANG_CXX_LANGUAGE_STANDARD = "gnu++17";
				CLANG_CXX_LIBRARY = "libc++";
				CLANG_ENABLE_MODULES = YES;
				CLANG_ENABLE_OBJC_ARC = YES;
				CLANG_ENABLE_OBJC_WEAK = YES;
				CLANG_WARN_BLOCK_CAPTURE_AUTORELEASING = YES;
				CLANG_WARN_BOOL_CONVERSION = YES;
				CLANG_WARN_COMMA = YES;
				CLANG_WARN_CONSTANT_CONVERSION = YES;
				CLANG_WARN_DEPRECATED_OBJC_IMPLEMENTATIONS = YES;
				CLANG_WARN_DIRECT_OBJC_ISA_USAGE = YES_ERROR;
				CLANG_WARN_DOCUMENTATION_COMMENTS = YES;
				CLANG_WARN_EMPTY_BODY = YES;
				CLANG_WARN_ENUM_CONVERSION = YES;
				CLANG_WARN_INFINITE_RECURSION = YES;
				CLANG_WARN_INT_CONVERSION = YES;
				CLANG_WARN_NON_LITERAL_NULL_CONVERSION = YES;
				CLANG_WARN_OBJC_IMPLICIT_RETAIN_SELF = YES;
				CLANG_WARN_OBJC_LITERAL_CONVERSION = YES;
				CLANG_WARN_OBJC_ROOT_CLASS = YES_ERROR;
				CLANG_WARN_QUOTED_INCLUDE_IN_FRAMEWORK_HEADER = YES;
				CLANG_WARN_RANGE_LOOP_ANALYSIS = YES;
				CLANG_WARN_STRICT_PROTOTYPES = YES;
				CLANG_WARN_SUSPICIOUS_MOVE = YES;
				CLANG_WARN_UNGUARDED_AVAILABILITY = YES_AGGRESSIVE;
				CLANG_WARN_UNREACHABLE_CODE = YES;
				CLANG_WARN__DUPLICATE_METHOD_MATCH = YES;
				COPY_PHASE_STRIP = NO;
				DEBUG_INFORMATION_FORMAT = "dwarf-with-dsym";
				ENABLE_NS_ASSERTIONS = NO;
				ENABLE_STRICT_OBJC_MSGSEND = YES;
				GCC_C_LANGUAGE_STANDARD = gnu11;
				GCC_NO_COMMON_BLOCKS = YES;
				GCC_WARN_64_TO_32_BIT_CONVERSION = YES;
				GCC_WARN_ABOUT_RETURN_TYPE = YES_ERROR;
				GCC_WARN_UNDECLARED_SELECTOR = YES;
				GCC_WARN_UNINITIALIZED_AUTOS = YES_AGGRESSIVE;
				GCC_WARN_UNUSED_FUNCTION = YES;
				GCC_WARN_UNUSED_VARIABLE = YES;
				IPHONEOS_DEPLOYMENT_TARGET = 15.0;
				MTL_ENABLE_DEBUG_INFO = NO;
				MTL_FAST_MATH = YES;
				SDKROOT = iphoneos;
				SWIFT_COMPILATION_MODE = wholemodule;
				SWIFT_OPTIMIZATION_LEVEL = "-O";
				VALIDATE_PRODUCT = YES;
			};
			name = Release;
		};
		6C77A9BD27C31E1A00098A16 /* Debug */ = {
			isa = XCBuildConfiguration;
			buildSettings = {
				ASSETCATALOG_COMPILER_APPICON_NAME = AppIcon;
				ASSETCATALOG_COMPILER_GLOBAL_ACCENT_COLOR_NAME = AccentColor;
				CODE_SIGN_STYLE = Automatic;
				CURRENT_PROJECT_VERSION = 1;
				DEVELOPMENT_TEAM = 47KS2LGPM3;
				GENERATE_INFOPLIST_FILE = YES;
				INFOPLIST_FILE = BBVK/Info.plist;
				INFOPLIST_KEY_UIApplicationSupportsIndirectInputEvents = YES;
				INFOPLIST_KEY_UILaunchStoryboardName = LaunchScreen;
				INFOPLIST_KEY_UIMainStoryboardFile = Main;
				INFOPLIST_KEY_UISupportedInterfaceOrientations_iPad = "UIInterfaceOrientationPortrait UIInterfaceOrientationPortraitUpsideDown UIInterfaceOrientationLandscapeLeft UIInterfaceOrientationLandscapeRight";
				INFOPLIST_KEY_UISupportedInterfaceOrientations_iPhone = "UIInterfaceOrientationPortrait UIInterfaceOrientationLandscapeLeft UIInterfaceOrientationLandscapeRight";
				LD_RUNPATH_SEARCH_PATHS = (
					"$(inherited)",
					"@executable_path/Frameworks",
				);
				MARKETING_VERSION = 1.0;
				PRODUCT_BUNDLE_IDENTIFIER = jon.company.BBVK;
				PRODUCT_NAME = "$(TARGET_NAME)";
				SWIFT_EMIT_LOC_STRINGS = YES;
				SWIFT_VERSION = 5.0;
				TARGETED_DEVICE_FAMILY = "1,2";
			};
			name = Debug;
		};
		6C77A9BE27C31E1A00098A16 /* Release */ = {
			isa = XCBuildConfiguration;
			buildSettings = {
				ASSETCATALOG_COMPILER_APPICON_NAME = AppIcon;
				ASSETCATALOG_COMPILER_GLOBAL_ACCENT_COLOR_NAME = AccentColor;
				CODE_SIGN_STYLE = Automatic;
				CURRENT_PROJECT_VERSION = 1;
				DEVELOPMENT_TEAM = 47KS2LGPM3;
				GENERATE_INFOPLIST_FILE = YES;
				INFOPLIST_FILE = BBVK/Info.plist;
				INFOPLIST_KEY_UIApplicationSupportsIndirectInputEvents = YES;
				INFOPLIST_KEY_UILaunchStoryboardName = LaunchScreen;
				INFOPLIST_KEY_UIMainStoryboardFile = Main;
				INFOPLIST_KEY_UISupportedInterfaceOrientations_iPad = "UIInterfaceOrientationPortrait UIInterfaceOrientationPortraitUpsideDown UIInterfaceOrientationLandscapeLeft UIInterfaceOrientationLandscapeRight";
				INFOPLIST_KEY_UISupportedInterfaceOrientations_iPhone = "UIInterfaceOrientationPortrait UIInterfaceOrientationLandscapeLeft UIInterfaceOrientationLandscapeRight";
				LD_RUNPATH_SEARCH_PATHS = (
					"$(inherited)",
					"@executable_path/Frameworks",
				);
				MARKETING_VERSION = 1.0;
				PRODUCT_BUNDLE_IDENTIFIER = jon.company.BBVK;
				PRODUCT_NAME = "$(TARGET_NAME)";
				SWIFT_EMIT_LOC_STRINGS = YES;
				SWIFT_VERSION = 5.0;
				TARGETED_DEVICE_FAMILY = "1,2";
			};
			name = Release;
		};
		6C77A9C027C31E1A00098A16 /* Debug */ = {
			isa = XCBuildConfiguration;
			buildSettings = {
				ALWAYS_EMBED_SWIFT_STANDARD_LIBRARIES = YES;
				BUNDLE_LOADER = "$(TEST_HOST)";
				CODE_SIGN_STYLE = Automatic;
				CURRENT_PROJECT_VERSION = 1;
				GENERATE_INFOPLIST_FILE = YES;
				IPHONEOS_DEPLOYMENT_TARGET = 15.0;
				LD_RUNPATH_SEARCH_PATHS = (
					"$(inherited)",
					"@executable_path/Frameworks",
					"@loader_path/Frameworks",
				);
				MARKETING_VERSION = 1.0;
				PRODUCT_BUNDLE_IDENTIFIER = jon.company.BBVKTests;
				PRODUCT_NAME = "$(TARGET_NAME)";
				SWIFT_EMIT_LOC_STRINGS = NO;
				SWIFT_VERSION = 5.0;
				TARGETED_DEVICE_FAMILY = "1,2";
				TEST_HOST = "$(BUILT_PRODUCTS_DIR)/BBVK.app/BBVK";
			};
			name = Debug;
		};
		6C77A9C127C31E1A00098A16 /* Release */ = {
			isa = XCBuildConfiguration;
			buildSettings = {
				ALWAYS_EMBED_SWIFT_STANDARD_LIBRARIES = YES;
				BUNDLE_LOADER = "$(TEST_HOST)";
				CODE_SIGN_STYLE = Automatic;
				CURRENT_PROJECT_VERSION = 1;
				GENERATE_INFOPLIST_FILE = YES;
				IPHONEOS_DEPLOYMENT_TARGET = 15.0;
				LD_RUNPATH_SEARCH_PATHS = (
					"$(inherited)",
					"@executable_path/Frameworks",
					"@loader_path/Frameworks",
				);
				MARKETING_VERSION = 1.0;
				PRODUCT_BUNDLE_IDENTIFIER = jon.company.BBVKTests;
				PRODUCT_NAME = "$(TARGET_NAME)";
				SWIFT_EMIT_LOC_STRINGS = NO;
				SWIFT_VERSION = 5.0;
				TARGETED_DEVICE_FAMILY = "1,2";
				TEST_HOST = "$(BUILT_PRODUCTS_DIR)/BBVK.app/BBVK";
			};
			name = Release;
		};
		6C77A9C327C31E1A00098A16 /* Debug */ = {
			isa = XCBuildConfiguration;
			buildSettings = {
				ALWAYS_EMBED_SWIFT_STANDARD_LIBRARIES = YES;
				CODE_SIGN_STYLE = Automatic;
				CURRENT_PROJECT_VERSION = 1;
				GENERATE_INFOPLIST_FILE = YES;
				LD_RUNPATH_SEARCH_PATHS = (
					"$(inherited)",
					"@executable_path/Frameworks",
					"@loader_path/Frameworks",
				);
				MARKETING_VERSION = 1.0;
				PRODUCT_BUNDLE_IDENTIFIER = jon.company.BBVKUITests;
				PRODUCT_NAME = "$(TARGET_NAME)";
				SWIFT_EMIT_LOC_STRINGS = NO;
				SWIFT_VERSION = 5.0;
				TARGETED_DEVICE_FAMILY = "1,2";
				TEST_TARGET_NAME = BBVK;
			};
			name = Debug;
		};
		6C77A9C427C31E1A00098A16 /* Release */ = {
			isa = XCBuildConfiguration;
			buildSettings = {
				ALWAYS_EMBED_SWIFT_STANDARD_LIBRARIES = YES;
				CODE_SIGN_STYLE = Automatic;
				CURRENT_PROJECT_VERSION = 1;
				GENERATE_INFOPLIST_FILE = YES;
				LD_RUNPATH_SEARCH_PATHS = (
					"$(inherited)",
					"@executable_path/Frameworks",
					"@loader_path/Frameworks",
				);
				MARKETING_VERSION = 1.0;
				PRODUCT_BUNDLE_IDENTIFIER = jon.company.BBVKUITests;
				PRODUCT_NAME = "$(TARGET_NAME)";
				SWIFT_EMIT_LOC_STRINGS = NO;
				SWIFT_VERSION = 5.0;
				TARGETED_DEVICE_FAMILY = "1,2";
				TEST_TARGET_NAME = BBVK;
			};
			name = Release;
		};
/* End XCBuildConfiguration section */

/* Begin XCConfigurationList section */
		6C77A98D27C31E1800098A16 /* Build configuration list for PBXProject "BBVK" */ = {
			isa = XCConfigurationList;
			buildConfigurations = (
				6C77A9BA27C31E1A00098A16 /* Debug */,
				6C77A9BB27C31E1A00098A16 /* Release */,
			);
			defaultConfigurationIsVisible = 0;
			defaultConfigurationName = Release;
		};
		6C77A9BC27C31E1A00098A16 /* Build configuration list for PBXNativeTarget "BBVK" */ = {
			isa = XCConfigurationList;
			buildConfigurations = (
				6C77A9BD27C31E1A00098A16 /* Debug */,
				6C77A9BE27C31E1A00098A16 /* Release */,
			);
			defaultConfigurationIsVisible = 0;
			defaultConfigurationName = Release;
		};
		6C77A9BF27C31E1A00098A16 /* Build configuration list for PBXNativeTarget "BBVKTests" */ = {
			isa = XCConfigurationList;
			buildConfigurations = (
				6C77A9C027C31E1A00098A16 /* Debug */,
				6C77A9C127C31E1A00098A16 /* Release */,
			);
			defaultConfigurationIsVisible = 0;
			defaultConfigurationName = Release;
		};
		6C77A9C227C31E1A00098A16 /* Build configuration list for PBXNativeTarget "BBVKUITests" */ = {
			isa = XCConfigurationList;
			buildConfigurations = (
				6C77A9C327C31E1A00098A16 /* Debug */,
				6C77A9C427C31E1A00098A16 /* Release */,
			);
			defaultConfigurationIsVisible = 0;
			defaultConfigurationName = Release;
		};
/* End XCConfigurationList section */
	};
	rootObject = 6C77A98A27C31E1800098A16 /* Project object */;
}
